
Microsoft Visual Studio Solution File, Format Version 12.00
# Visual Studio Version 17
VisualStudioVersion = 17.0.31903.59
MinimumVisualStudioVersion = 10.0.40219.1
Project("{FAE04EC0-301F-11D3-BF4B-00C04F79EFBC}") = "API", "API\API.csproj", "{845E52C4-677E-4BD0-A98A-6D2115D743A4}"
EndProject
Project("{FAE04EC0-301F-11D3-BF4B-00C04F79EFBC}") = "Application", "Application\Application.csproj", "{21887421-C154-4A96-8DFD-7309A14AD82F}"
EndProject
Project("{FAE04EC0-301F-11D3-BF4B-00C04F79EFBC}") = "Domain", "Domain\Domain.csproj", "{649C4A84-52CE-4589-97B9-2827484FA58D}"
EndProject
Project("{FAE04EC0-301F-11D3-BF4B-00C04F79EFBC}") = "Persistence", "Persistence\Persistence.csproj", "{1C688E0F-3427-4D44-ADC2-B59599F5312B}"
EndProject
Global
	GlobalSection(SolutionConfigurationPlatforms) = preSolution
		Debug|Any CPU = Debug|Any CPU
		Release|Any CPU = Release|Any CPU
	EndGlobalSection
	GlobalSection(SolutionProperties) = preSolution
		HideSolutionNode = FALSE
	EndGlobalSection
	GlobalSection(ProjectConfigurationPlatforms) = postSolution
		{845E52C4-677E-4BD0-A98A-6D2115D743A4}.Debug|Any CPU.ActiveCfg = Debug|Any CPU
		{845E52C4-677E-4BD0-A98A-6D2115D743A4}.Debug|Any CPU.Build.0 = Debug|Any CPU
		{845E52C4-677E-4BD0-A98A-6D2115D743A4}.Release|Any CPU.ActiveCfg = Release|Any CPU
		{845E52C4-677E-4BD0-A98A-6D2115D743A4}.Release|Any CPU.Build.0 = Release|Any CPU
		{21887421-C154-4A96-8DFD-7309A14AD82F}.Debug|Any CPU.ActiveCfg = Debug|Any CPU
		{21887421-C154-4A96-8DFD-7309A14AD82F}.Debug|Any CPU.Build.0 = Debug|Any CPU
		{21887421-C154-4A96-8DFD-7309A14AD82F}.Release|Any CPU.ActiveCfg = Release|Any CPU
		{21887421-C154-4A96-8DFD-7309A14AD82F}.Release|Any CPU.Build.0 = Release|Any CPU
		{649C4A84-52CE-4589-97B9-2827484FA58D}.Debug|Any CPU.ActiveCfg = Debug|Any CPU
		{649C4A84-52CE-4589-97B9-2827484FA58D}.Debug|Any CPU.Build.0 = Debug|Any CPU
		{649C4A84-52CE-4589-97B9-2827484FA58D}.Release|Any CPU.ActiveCfg = Release|Any CPU
		{649C4A84-52CE-4589-97B9-2827484FA58D}.Release|Any CPU.Build.0 = Release|Any CPU
		{1C688E0F-3427-4D44-ADC2-B59599F5312B}.Debug|Any CPU.ActiveCfg = Debug|Any CPU
		{1C688E0F-3427-4D44-ADC2-B59599F5312B}.Debug|Any CPU.Build.0 = Debug|Any CPU
		{1C688E0F-3427-4D44-ADC2-B59599F5312B}.Release|Any CPU.ActiveCfg = Release|Any CPU
		{1C688E0F-3427-4D44-ADC2-B59599F5312B}.Release|Any CPU.Build.0 = Release|Any CPU
	EndGlobalSection
EndGlobal
